
Microsoft Visual Studio Solution File, Format Version 12.00
# Visual Studio Version 17
VisualStudioVersion = 17.8.34330.188
MinimumVisualStudioVersion = 10.0.40219.1
Project("{9A19103F-16F7-4668-BE54-9A1E7A4F7556}") = "Calculator", "Calculator\Calculator.csproj", "{E055B74A-A134-49A8-B2DC-42F0810306C3}"
EndProject
Project("{2150E333-8FDC-42A3-9474-1A3956D46DE8}") = "Behavioral", "Behavioral", "{36ADC3A8-C746-480E-878C-F096AA3C6443}"
EndProject
Project("{2150E333-8FDC-42A3-9474-1A3956D46DE8}") = "Creation", "Creation", "{88AABC8B-D40A-4928-A412-658D56AA72A4}"
EndProject
Project("{2150E333-8FDC-42A3-9474-1A3956D46DE8}") = "Structural", "Structural", "{D02E193B-5906-4FBE-80D2-89F354557AE7}"
EndProject
Project("{2150E333-8FDC-42A3-9474-1A3956D46DE8}") = "State", "State", "{42062D4F-867D-4868-9C63-2E6E31F6E0B8}"
EndProject
Project("{2150E333-8FDC-42A3-9474-1A3956D46DE8}") = "Factory", "Factory", "{63C10D50-BEF5-4262-A609-47E4095C52CC}"
EndProject
Project("{9A19103F-16F7-4668-BE54-9A1E7A4F7556}") = "FitnessClub", "FitnessClub\FitnessClub.csproj", "{AD2A456D-3E7B-46EA-A263-3EB27161B5AA}"
EndProject
Project("{2150E333-8FDC-42A3-9474-1A3956D46DE8}") = "Observer", "Observer", "{D50E647F-6B2A-483D-9258-909F6B2856B2}"
EndProject
Project("{9A19103F-16F7-4668-BE54-9A1E7A4F7556}") = "ObserverExample", "ObserverExample\ObserverExample.csproj", "{87266DDF-29AB-4AD1-BFF4-369AE8787F6D}"
EndProject
Project("{9A19103F-16F7-4668-BE54-9A1E7A4F7556}") = "EventHandlerxExample", "EventHandlerxExample\EventHandlerxExample.csproj", "{281946D8-A2B9-4E9A-A592-B631439DAE9A}"
EndProject
Project("{9A19103F-16F7-4668-BE54-9A1E7A4F7556}") = "EventExample", "EventExaple\EventExample.csproj", "{1941261B-6A47-4426-A18F-18D0EBDE60D6}"
EndProject
Project("{2150E333-8FDC-42A3-9474-1A3956D46DE8}") = "AbstractFactory", "AbstractFactory", "{8AD9D507-D1CC-4749-90C0-3EF18B96AF8B}"
EndProject
Project("{2150E333-8FDC-42A3-9474-1A3956D46DE8}") = "Prototype", "Prototype", "{F05C126E-9506-441D-A35D-79BAA05C3B6B}"
EndProject
Project("{9A19103F-16F7-4668-BE54-9A1E7A4F7556}") = "PrototypeExample", "PrototypeExample\PrototypeExample.csproj", "{D8981AED-4E65-4E04-A134-5F14DB433293}"
EndProject
Project("{9A19103F-16F7-4668-BE54-9A1E7A4F7556}") = "AbstractFactoryExampl", "AbstractFactoryExampl\AbstractFactoryExampl.csproj", "{619FC3E4-4EA3-4C20-BA87-8D87D6DB5E50}"
EndProject
Project("{2150E333-8FDC-42A3-9474-1A3956D46DE8}") = "Proxy", "Proxy", "{AD5327C6-FAD9-47D2-9EAB-CF10FACC940F}"
EndProject
Project("{9A19103F-16F7-4668-BE54-9A1E7A4F7556}") = "Singleton", "Singleton\Singleton.csproj", "{9998EC0A-27A3-424F-83F3-98D68269C6A2}"
EndProject
Project("{2150E333-8FDC-42A3-9474-1A3956D46DE8}") = "Singleton", "Singleton", "{A021FEC9-FE14-4289-931F-8719FB249A45}"
EndProject
Project("{9A19103F-16F7-4668-BE54-9A1E7A4F7556}") = "Cooker", "Cooker\Cooker.csproj", "{956F2879-87E6-4D1B-8C42-F482A26B319B}"
EndProject
Project("{2150E333-8FDC-42A3-9474-1A3956D46DE8}") = "Strategy", "Strategy", "{80E7634A-BED1-4FA6-A6E2-C63804D21FEE}"
EndProject
Project("{9A19103F-16F7-4668-BE54-9A1E7A4F7556}") = "Attacker", "Attacker\Attacker.csproj", "{D2CE9F54-8789-4883-8687-C107BBB8A180}"
EndProject
Project("{2150E333-8FDC-42A3-9474-1A3956D46DE8}") = "Builder", "Builder", "{80F383B0-C53E-45D4-A6F5-77A04E144DE4}"
EndProject
Project("{9A19103F-16F7-4668-BE54-9A1E7A4F7556}") = "Reporter", "Reporter\Reporter.csproj", "{21FEEC95-A61E-409B-B013-168DE8D8DED0}"
EndProject
Project("{2150E333-8FDC-42A3-9474-1A3956D46DE8}") = "Command", "Command", "{EB0B4AB4-DB20-41F6-BDE7-F15314785975}"
EndProject
Project("{FAE04EC0-301F-11D3-BF4B-00C04F79EFBC}") = "CommandExample", "CommandExample\CommandExample.csproj", "{4A250B53-0A31-4483-91A1-08E5D36248BB}"
EndProject
Global
	GlobalSection(SolutionConfigurationPlatforms) = preSolution
		Debug|Any CPU = Debug|Any CPU
		Release|Any CPU = Release|Any CPU
	EndGlobalSection
	GlobalSection(ProjectConfigurationPlatforms) = postSolution
		{E055B74A-A134-49A8-B2DC-42F0810306C3}.Debug|Any CPU.ActiveCfg = Debug|Any CPU
		{E055B74A-A134-49A8-B2DC-42F0810306C3}.Debug|Any CPU.Build.0 = Debug|Any CPU
		{E055B74A-A134-49A8-B2DC-42F0810306C3}.Release|Any CPU.ActiveCfg = Release|Any CPU
		{E055B74A-A134-49A8-B2DC-42F0810306C3}.Release|Any CPU.Build.0 = Release|Any CPU
		{AD2A456D-3E7B-46EA-A263-3EB27161B5AA}.Debug|Any CPU.ActiveCfg = Debug|Any CPU
		{AD2A456D-3E7B-46EA-A263-3EB27161B5AA}.Debug|Any CPU.Build.0 = Debug|Any CPU
		{AD2A456D-3E7B-46EA-A263-3EB27161B5AA}.Release|Any CPU.ActiveCfg = Release|Any CPU
		{AD2A456D-3E7B-46EA-A263-3EB27161B5AA}.Release|Any CPU.Build.0 = Release|Any CPU
		{87266DDF-29AB-4AD1-BFF4-369AE8787F6D}.Debug|Any CPU.ActiveCfg = Debug|Any CPU
		{87266DDF-29AB-4AD1-BFF4-369AE8787F6D}.Debug|Any CPU.Build.0 = Debug|Any CPU
		{87266DDF-29AB-4AD1-BFF4-369AE8787F6D}.Release|Any CPU.ActiveCfg = Release|Any CPU
		{87266DDF-29AB-4AD1-BFF4-369AE8787F6D}.Release|Any CPU.Build.0 = Release|Any CPU
		{281946D8-A2B9-4E9A-A592-B631439DAE9A}.Debug|Any CPU.ActiveCfg = Debug|Any CPU
		{281946D8-A2B9-4E9A-A592-B631439DAE9A}.Debug|Any CPU.Build.0 = Debug|Any CPU
		{281946D8-A2B9-4E9A-A592-B631439DAE9A}.Release|Any CPU.ActiveCfg = Release|Any CPU
		{281946D8-A2B9-4E9A-A592-B631439DAE9A}.Release|Any CPU.Build.0 = Release|Any CPU
		{1941261B-6A47-4426-A18F-18D0EBDE60D6}.Debug|Any CPU.ActiveCfg = Debug|Any CPU
		{1941261B-6A47-4426-A18F-18D0EBDE60D6}.Debug|Any CPU.Build.0 = Debug|Any CPU
		{1941261B-6A47-4426-A18F-18D0EBDE60D6}.Release|Any CPU.ActiveCfg = Release|Any CPU
		{1941261B-6A47-4426-A18F-18D0EBDE60D6}.Release|Any CPU.Build.0 = Release|Any CPU
		{D8981AED-4E65-4E04-A134-5F14DB433293}.Debug|Any CPU.ActiveCfg = Debug|Any CPU
		{D8981AED-4E65-4E04-A134-5F14DB433293}.Debug|Any CPU.Build.0 = Debug|Any CPU
		{D8981AED-4E65-4E04-A134-5F14DB433293}.Release|Any CPU.ActiveCfg = Release|Any CPU
		{D8981AED-4E65-4E04-A134-5F14DB433293}.Release|Any CPU.Build.0 = Release|Any CPU
		{619FC3E4-4EA3-4C20-BA87-8D87D6DB5E50}.Debug|Any CPU.ActiveCfg = Debug|Any CPU
		{619FC3E4-4EA3-4C20-BA87-8D87D6DB5E50}.Debug|Any CPU.Build.0 = Debug|Any CPU
		{619FC3E4-4EA3-4C20-BA87-8D87D6DB5E50}.Release|Any CPU.ActiveCfg = Release|Any CPU
		{619FC3E4-4EA3-4C20-BA87-8D87D6DB5E50}.Release|Any CPU.Build.0 = Release|Any CPU
		{9998EC0A-27A3-424F-83F3-98D68269C6A2}.Debug|Any CPU.ActiveCfg = Debug|Any CPU
		{9998EC0A-27A3-424F-83F3-98D68269C6A2}.Debug|Any CPU.Build.0 = Debug|Any CPU
		{9998EC0A-27A3-424F-83F3-98D68269C6A2}.Release|Any CPU.ActiveCfg = Release|Any CPU
		{9998EC0A-27A3-424F-83F3-98D68269C6A2}.Release|Any CPU.Build.0 = Release|Any CPU
		{956F2879-87E6-4D1B-8C42-F482A26B319B}.Debug|Any CPU.ActiveCfg = Debug|Any CPU
		{956F2879-87E6-4D1B-8C42-F482A26B319B}.Debug|Any CPU.Build.0 = Debug|Any CPU
		{956F2879-87E6-4D1B-8C42-F482A26B319B}.Release|Any CPU.ActiveCfg = Release|Any CPU
		{956F2879-87E6-4D1B-8C42-F482A26B319B}.Release|Any CPU.Build.0 = Release|Any CPU
		{D2CE9F54-8789-4883-8687-C107BBB8A180}.Debug|Any CPU.ActiveCfg = Debug|Any CPU
		{D2CE9F54-8789-4883-8687-C107BBB8A180}.Debug|Any CPU.Build.0 = Debug|Any CPU
		{D2CE9F54-8789-4883-8687-C107BBB8A180}.Release|Any CPU.ActiveCfg = Release|Any CPU
		{D2CE9F54-8789-4883-8687-C107BBB8A180}.Release|Any CPU.Build.0 = Release|Any CPU
		{21FEEC95-A61E-409B-B013-168DE8D8DED0}.Debug|Any CPU.ActiveCfg = Debug|Any CPU
		{21FEEC95-A61E-409B-B013-168DE8D8DED0}.Debug|Any CPU.Build.0 = Debug|Any CPU
		{21FEEC95-A61E-409B-B013-168DE8D8DED0}.Release|Any CPU.ActiveCfg = Release|Any CPU
		{21FEEC95-A61E-409B-B013-168DE8D8DED0}.Release|Any CPU.Build.0 = Release|Any CPU
		{4A250B53-0A31-4483-91A1-08E5D36248BB}.Debug|Any CPU.ActiveCfg = Debug|Any CPU
		{4A250B53-0A31-4483-91A1-08E5D36248BB}.Debug|Any CPU.Build.0 = Debug|Any CPU
		{4A250B53-0A31-4483-91A1-08E5D36248BB}.Release|Any CPU.ActiveCfg = Release|Any CPU
		{4A250B53-0A31-4483-91A1-08E5D36248BB}.Release|Any CPU.Build.0 = Release|Any CPU
	EndGlobalSection
	GlobalSection(SolutionProperties) = preSolution
		HideSolutionNode = FALSE
	EndGlobalSection
	GlobalSection(NestedProjects) = preSolution
		{E055B74A-A134-49A8-B2DC-42F0810306C3} = {42062D4F-867D-4868-9C63-2E6E31F6E0B8}
		{42062D4F-867D-4868-9C63-2E6E31F6E0B8} = {36ADC3A8-C746-480E-878C-F096AA3C6443}
		{63C10D50-BEF5-4262-A609-47E4095C52CC} = {88AABC8B-D40A-4928-A412-658D56AA72A4}
		{AD2A456D-3E7B-46EA-A263-3EB27161B5AA} = {63C10D50-BEF5-4262-A609-47E4095C52CC}
		{D50E647F-6B2A-483D-9258-909F6B2856B2} = {36ADC3A8-C746-480E-878C-F096AA3C6443}
		{87266DDF-29AB-4AD1-BFF4-369AE8787F6D} = {D50E647F-6B2A-483D-9258-909F6B2856B2}
		{281946D8-A2B9-4E9A-A592-B631439DAE9A} = {D50E647F-6B2A-483D-9258-909F6B2856B2}
		{1941261B-6A47-4426-A18F-18D0EBDE60D6} = {D50E647F-6B2A-483D-9258-909F6B2856B2}
		{8AD9D507-D1CC-4749-90C0-3EF18B96AF8B} = {88AABC8B-D40A-4928-A412-658D56AA72A4}
		{F05C126E-9506-441D-A35D-79BAA05C3B6B} = {88AABC8B-D40A-4928-A412-658D56AA72A4}
		{D8981AED-4E65-4E04-A134-5F14DB433293} = {F05C126E-9506-441D-A35D-79BAA05C3B6B}
		{619FC3E4-4EA3-4C20-BA87-8D87D6DB5E50} = {8AD9D507-D1CC-4749-90C0-3EF18B96AF8B}
		{AD5327C6-FAD9-47D2-9EAB-CF10FACC940F} = {D02E193B-5906-4FBE-80D2-89F354557AE7}
		{9998EC0A-27A3-424F-83F3-98D68269C6A2} = {A021FEC9-FE14-4289-931F-8719FB249A45}
		{A021FEC9-FE14-4289-931F-8719FB249A45} = {88AABC8B-D40A-4928-A412-658D56AA72A4}
		{956F2879-87E6-4D1B-8C42-F482A26B319B} = {AD5327C6-FAD9-47D2-9EAB-CF10FACC940F}
		{80E7634A-BED1-4FA6-A6E2-C63804D21FEE} = {36ADC3A8-C746-480E-878C-F096AA3C6443}
		{D2CE9F54-8789-4883-8687-C107BBB8A180} = {80E7634A-BED1-4FA6-A6E2-C63804D21FEE}
		{80F383B0-C53E-45D4-A6F5-77A04E144DE4} = {88AABC8B-D40A-4928-A412-658D56AA72A4}
		{21FEEC95-A61E-409B-B013-168DE8D8DED0} = {80F383B0-C53E-45D4-A6F5-77A04E144DE4}
		{EB0B4AB4-DB20-41F6-BDE7-F15314785975} = {36ADC3A8-C746-480E-878C-F096AA3C6443}
		{4A250B53-0A31-4483-91A1-08E5D36248BB} = {EB0B4AB4-DB20-41F6-BDE7-F15314785975}
	EndGlobalSection
	GlobalSection(ExtensibilityGlobals) = postSolution
		SolutionGuid = {3093677E-9F95-42EF-BA58-9D5E73C15831}
	EndGlobalSection
EndGlobal
