
Microsoft Visual Studio Solution File, Format Version 12.00
# Visual Studio Version 17
VisualStudioVersion = 17.8.34330.188
MinimumVisualStudioVersion = 10.0.40219.1
Project("{9A19103F-16F7-4668-BE54-9A1E7A4F7556}") = "Calculator", "Calculator\Calculator.csproj", "{E055B74A-A134-49A8-B2DC-42F0810306C3}"
EndProject
Project("{2150E333-8FDC-42A3-9474-1A3956D46DE8}") = "Behavioral", "Behavioral", "{36ADC3A8-C746-480E-878C-F096AA3C6443}"
EndProject
Project("{2150E333-8FDC-42A3-9474-1A3956D46DE8}") = "Creation", "Creation", "{88AABC8B-D40A-4928-A412-658D56AA72A4}"
EndProject
Project("{2150E333-8FDC-42A3-9474-1A3956D46DE8}") = "Structural", "Structural", "{D02E193B-5906-4FBE-80D2-89F354557AE7}"
EndProject
Project("{2150E333-8FDC-42A3-9474-1A3956D46DE8}") = "State", "State", "{42062D4F-867D-4868-9C63-2E6E31F6E0B8}"
EndProject
Project("{2150E333-8FDC-42A3-9474-1A3956D46DE8}") = "Factory", "Factory", "{63C10D50-BEF5-4262-A609-47E4095C52CC}"
EndProject
Project("{9A19103F-16F7-4668-BE54-9A1E7A4F7556}") = "FitnessClub", "FitnessClub\FitnessClub.csproj", "{AD2A456D-3E7B-46EA-A263-3EB27161B5AA}"
EndProject
Project("{2150E333-8FDC-42A3-9474-1A3956D46DE8}") = "Observer", "Observer", "{D50E647F-6B2A-483D-9258-909F6B2856B2}"
EndProject
Project("{9A19103F-16F7-4668-BE54-9A1E7A4F7556}") = "ObserverExample", "ObserverExample\ObserverExample.csproj", "{87266DDF-29AB-4AD1-BFF4-369AE8787F6D}"
EndProject
Project("{FAE04EC0-301F-11D3-BF4B-00C04F79EFBC}") = "EventHandlerxExample", "EventHandlerxExample\EventHandlerxExample.csproj", "{281946D8-A2B9-4E9A-A592-B631439DAE9A}"
EndProject
Global
	GlobalSection(SolutionConfigurationPlatforms) = preSolution
		Debug|Any CPU = Debug|Any CPU
		Release|Any CPU = Release|Any CPU
	EndGlobalSection
	GlobalSection(ProjectConfigurationPlatforms) = postSolution
		{E055B74A-A134-49A8-B2DC-42F0810306C3}.Debug|Any CPU.ActiveCfg = Debug|Any CPU
		{E055B74A-A134-49A8-B2DC-42F0810306C3}.Debug|Any CPU.Build.0 = Debug|Any CPU
		{E055B74A-A134-49A8-B2DC-42F0810306C3}.Release|Any CPU.ActiveCfg = Release|Any CPU
		{E055B74A-A134-49A8-B2DC-42F0810306C3}.Release|Any CPU.Build.0 = Release|Any CPU
		{AD2A456D-3E7B-46EA-A263-3EB27161B5AA}.Debug|Any CPU.ActiveCfg = Debug|Any CPU
		{AD2A456D-3E7B-46EA-A263-3EB27161B5AA}.Debug|Any CPU.Build.0 = Debug|Any CPU
		{AD2A456D-3E7B-46EA-A263-3EB27161B5AA}.Release|Any CPU.ActiveCfg = Release|Any CPU
		{AD2A456D-3E7B-46EA-A263-3EB27161B5AA}.Release|Any CPU.Build.0 = Release|Any CPU
		{87266DDF-29AB-4AD1-BFF4-369AE8787F6D}.Debug|Any CPU.ActiveCfg = Debug|Any CPU
		{87266DDF-29AB-4AD1-BFF4-369AE8787F6D}.Debug|Any CPU.Build.0 = Debug|Any CPU
		{87266DDF-29AB-4AD1-BFF4-369AE8787F6D}.Release|Any CPU.ActiveCfg = Release|Any CPU
		{87266DDF-29AB-4AD1-BFF4-369AE8787F6D}.Release|Any CPU.Build.0 = Release|Any CPU
		{281946D8-A2B9-4E9A-A592-B631439DAE9A}.Debug|Any CPU.ActiveCfg = Debug|Any CPU
		{281946D8-A2B9-4E9A-A592-B631439DAE9A}.Debug|Any CPU.Build.0 = Debug|Any CPU
		{281946D8-A2B9-4E9A-A592-B631439DAE9A}.Release|Any CPU.ActiveCfg = Release|Any CPU
		{281946D8-A2B9-4E9A-A592-B631439DAE9A}.Release|Any CPU.Build.0 = Release|Any CPU
	EndGlobalSection
	GlobalSection(SolutionProperties) = preSolution
		HideSolutionNode = FALSE
	EndGlobalSection
	GlobalSection(NestedProjects) = preSolution
		{E055B74A-A134-49A8-B2DC-42F0810306C3} = {42062D4F-867D-4868-9C63-2E6E31F6E0B8}
		{42062D4F-867D-4868-9C63-2E6E31F6E0B8} = {36ADC3A8-C746-480E-878C-F096AA3C6443}
		{63C10D50-BEF5-4262-A609-47E4095C52CC} = {88AABC8B-D40A-4928-A412-658D56AA72A4}
		{AD2A456D-3E7B-46EA-A263-3EB27161B5AA} = {63C10D50-BEF5-4262-A609-47E4095C52CC}
		{D50E647F-6B2A-483D-9258-909F6B2856B2} = {36ADC3A8-C746-480E-878C-F096AA3C6443}
		{87266DDF-29AB-4AD1-BFF4-369AE8787F6D} = {D50E647F-6B2A-483D-9258-909F6B2856B2}
		{281946D8-A2B9-4E9A-A592-B631439DAE9A} = {D50E647F-6B2A-483D-9258-909F6B2856B2}
	EndGlobalSection
	GlobalSection(ExtensibilityGlobals) = postSolution
		SolutionGuid = {3093677E-9F95-42EF-BA58-9D5E73C15831}
	EndGlobalSection
EndGlobal
